
Microsoft Visual Studio Solution File, Format Version 12.00
# Visual Studio 2012
Project("{FAE04EC0-301F-11D3-BF4B-00C04F79EFBC}") = "FLARE-WIN", "FLARE-WIN\FLARE-WIN.csproj", "{8E601005-488F-4C2F-9F1B-7567CF7F0BDD}"
EndProject
Project("{FAE04EC0-301F-11D3-BF4B-00C04F79EFBC}") = "FLARE-TYPE", "FLARE-TYPE\FLARE-TYPE.csproj", "{338D443D-1324-48F8-B151-45C09C6C8BD4}"
EndProject
Project("{FAE04EC0-301F-11D3-BF4B-00C04F79EFBC}") = "FLARE-DAL", "FLARE-DAL\FLARE-DAL.csproj", "{AB6CD290-412C-4CE1-BF1A-38CA52BF28B9}"
EndProject
Project("{FAE04EC0-301F-11D3-BF4B-00C04F79EFBC}") = "FLARE-CFILE", "FLARE-CFILE\FLARE-CFILE.csproj", "{C7B53AE9-8755-4F4D-9CBE-89976AD2E101}"
EndProject
Global
	GlobalSection(SolutionConfigurationPlatforms) = preSolution
		Debug|Any CPU = Debug|Any CPU
		Release|Any CPU = Release|Any CPU
	EndGlobalSection
	GlobalSection(ProjectConfigurationPlatforms) = postSolution
		{8E601005-488F-4C2F-9F1B-7567CF7F0BDD}.Debug|Any CPU.ActiveCfg = Debug|Any CPU
		{8E601005-488F-4C2F-9F1B-7567CF7F0BDD}.Debug|Any CPU.Build.0 = Debug|Any CPU
		{8E601005-488F-4C2F-9F1B-7567CF7F0BDD}.Release|Any CPU.ActiveCfg = Release|Any CPU
		{8E601005-488F-4C2F-9F1B-7567CF7F0BDD}.Release|Any CPU.Build.0 = Release|Any CPU
		{338D443D-1324-48F8-B151-45C09C6C8BD4}.Debug|Any CPU.ActiveCfg = Debug|Any CPU
		{338D443D-1324-48F8-B151-45C09C6C8BD4}.Debug|Any CPU.Build.0 = Debug|Any CPU
		{338D443D-1324-48F8-B151-45C09C6C8BD4}.Release|Any CPU.ActiveCfg = Release|Any CPU
		{338D443D-1324-48F8-B151-45C09C6C8BD4}.Release|Any CPU.Build.0 = Release|Any CPU
		{AB6CD290-412C-4CE1-BF1A-38CA52BF28B9}.Debug|Any CPU.ActiveCfg = Debug|Any CPU
		{AB6CD290-412C-4CE1-BF1A-38CA52BF28B9}.Debug|Any CPU.Build.0 = Debug|Any CPU
		{AB6CD290-412C-4CE1-BF1A-38CA52BF28B9}.Release|Any CPU.ActiveCfg = Release|Any CPU
		{AB6CD290-412C-4CE1-BF1A-38CA52BF28B9}.Release|Any CPU.Build.0 = Release|Any CPU
		{C7B53AE9-8755-4F4D-9CBE-89976AD2E101}.Debug|Any CPU.ActiveCfg = Debug|Any CPU
		{C7B53AE9-8755-4F4D-9CBE-89976AD2E101}.Debug|Any CPU.Build.0 = Debug|Any CPU
		{C7B53AE9-8755-4F4D-9CBE-89976AD2E101}.Release|Any CPU.ActiveCfg = Release|Any CPU
		{C7B53AE9-8755-4F4D-9CBE-89976AD2E101}.Release|Any CPU.Build.0 = Release|Any CPU
	EndGlobalSection
	GlobalSection(SolutionProperties) = preSolution
		HideSolutionNode = FALSE
	EndGlobalSection
EndGlobal
